// !$*UTF8*$!
{
	archiveVersion = 1;
	classes = {
	};
	objectVersion = 46;
	objects = {

/* Begin PBXBuildFile section */
		328C64B21DF059FC00622B79 /* main.m in Sources */ = {isa = PBXBuildFile; fileRef = 328C64B11DF059FC00622B79 /* main.m */; };
		328C64B51DF059FC00622B79 /* AppDelegate.m in Sources */ = {isa = PBXBuildFile; fileRef = 328C64B41DF059FC00622B79 /* AppDelegate.m */; };
		328C64B81DF059FC00622B79 /* ViewController.m in Sources */ = {isa = PBXBuildFile; fileRef = 328C64B71DF059FC00622B79 /* ViewController.m */; };
		328C64BB1DF059FC00622B79 /* Main.storyboard in Resources */ = {isa = PBXBuildFile; fileRef = 328C64B91DF059FC00622B79 /* Main.storyboard */; };
		328C64BD1DF059FC00622B79 /* Assets.xcassets in Resources */ = {isa = PBXBuildFile; fileRef = 328C64BC1DF059FC00622B79 /* Assets.xcassets */; };
		328C64C01DF059FC00622B79 /* LaunchScreen.storyboard in Resources */ = {isa = PBXBuildFile; fileRef = 328C64BE1DF059FC00622B79 /* LaunchScreen.storyboard */; };
		328C64CB1DF059FC00622B79 /* RuntimeDemoTests.m in Sources */ = {isa = PBXBuildFile; fileRef = 328C64CA1DF059FC00622B79 /* RuntimeDemoTests.m */; };
		328C64D61DF059FC00622B79 /* RuntimeDemoUITests.m in Sources */ = {isa = PBXBuildFile; fileRef = 328C64D51DF059FC00622B79 /* RuntimeDemoUITests.m */; };
		328C64E51DF05C9800622B79 /* Passport.m in Sources */ = {isa = PBXBuildFile; fileRef = 328C64E41DF05C9800622B79 /* Passport.m */; };
/* End PBXBuildFile section */

/* Begin PBXContainerItemProxy section */
		328C64C71DF059FC00622B79 /* PBXContainerItemProxy */ = {
			isa = PBXContainerItemProxy;
			containerPortal = 328C64A51DF059FC00622B79 /* Project object */;
			proxyType = 1;
			remoteGlobalIDString = 328C64AC1DF059FC00622B79;
			remoteInfo = RuntimeDemo;
		};
		328C64D21DF059FC00622B79 /* PBXContainerItemProxy */ = {
			isa = PBXContainerItemProxy;
			containerPortal = 328C64A51DF059FC00622B79 /* Project object */;
			proxyType = 1;
			remoteGlobalIDString = 328C64AC1DF059FC00622B79;
			remoteInfo = RuntimeDemo;
		};
/* End PBXContainerItemProxy section */

/* Begin PBXFileReference section */
		328C64AD1DF059FC00622B79 /* RuntimeDemo.app */ = {isa = PBXFileReference; explicitFileType = wrapper.application; includeInIndex = 0; path = RuntimeDemo.app; sourceTree = BUILT_PRODUCTS_DIR; };
		328C64B11DF059FC00622B79 /* main.m */ = {isa = PBXFileReference; lastKnownFileType = sourcecode.c.objc; path = main.m; sourceTree = "<group>"; };
		328C64B31DF059FC00622B79 /* AppDelegate.h */ = {isa = PBXFileReference; lastKnownFileType = sourcecode.c.h; path = AppDelegate.h; sourceTree = "<group>"; };
		328C64B41DF059FC00622B79 /* AppDelegate.m */ = {isa = PBXFileReference; lastKnownFileType = sourcecode.c.objc; path = AppDelegate.m; sourceTree = "<group>"; };
		328C64B61DF059FC00622B79 /* ViewController.h */ = {isa = PBXFileReference; lastKnownFileType = sourcecode.c.h; path = ViewController.h; sourceTree = "<group>"; };
		328C64B71DF059FC00622B79 /* ViewController.m */ = {isa = PBXFileReference; lastKnownFileType = sourcecode.c.objc; path = ViewController.m; sourceTree = "<group>"; };
		328C64BA1DF059FC00622B79 /* Base */ = {isa = PBXFileReference; lastKnownFileType = file.storyboard; name = Base; path = Base.lproj/Main.storyboard; sourceTree = "<group>"; };
		328C64BC1DF059FC00622B79 /* Assets.xcassets */ = {isa = PBXFileReference; lastKnownFileType = folder.assetcatalog; path = Assets.xcassets; sourceTree = "<group>"; };
		328C64BF1DF059FC00622B79 /* Base */ = {isa = PBXFileReference; lastKnownFileType = file.storyboard; name = Base; path = Base.lproj/LaunchScreen.storyboard; sourceTree = "<group>"; };
		328C64C11DF059FC00622B79 /* Info.plist */ = {isa = PBXFileReference; lastKnownFileType = text.plist.xml; path = Info.plist; sourceTree = "<group>"; };
		328C64C61DF059FC00622B79 /* RuntimeDemoTests.xctest */ = {isa = PBXFileReference; explicitFileType = wrapper.cfbundle; includeInIndex = 0; path = RuntimeDemoTests.xctest; sourceTree = BUILT_PRODUCTS_DIR; };
		328C64CA1DF059FC00622B79 /* RuntimeDemoTests.m */ = {isa = PBXFileReference; lastKnownFileType = sourcecode.c.objc; path = RuntimeDemoTests.m; sourceTree = "<group>"; };
		328C64CC1DF059FC00622B79 /* Info.plist */ = {isa = PBXFileReference; lastKnownFileType = text.plist.xml; path = Info.plist; sourceTree = "<group>"; };
		328C64D11DF059FC00622B79 /* RuntimeDemoUITests.xctest */ = {isa = PBXFileReference; explicitFileType = wrapper.cfbundle; includeInIndex = 0; path = RuntimeDemoUITests.xctest; sourceTree = BUILT_PRODUCTS_DIR; };
		328C64D51DF059FC00622B79 /* RuntimeDemoUITests.m */ = {isa = PBXFileReference; lastKnownFileType = sourcecode.c.objc; path = RuntimeDemoUITests.m; sourceTree = "<group>"; };
		328C64D71DF059FC00622B79 /* Info.plist */ = {isa = PBXFileReference; lastKnownFileType = text.plist.xml; path = Info.plist; sourceTree = "<group>"; };
		328C64E31DF05C9800622B79 /* Passport.h */ = {isa = PBXFileReference; fileEncoding = 4; lastKnownFileType = sourcecode.c.h; path = Passport.h; sourceTree = "<group>"; };
		328C64E41DF05C9800622B79 /* Passport.m */ = {isa = PBXFileReference; fileEncoding = 4; lastKnownFileType = sourcecode.c.objc; path = Passport.m; sourceTree = "<group>"; };
/* End PBXFileReference section */

/* Begin PBXFrameworksBuildPhase section */
		328C64AA1DF059FC00622B79 /* Frameworks */ = {
			isa = PBXFrameworksBuildPhase;
			buildActionMask = 2147483647;
			files = (
			);
			runOnlyForDeploymentPostprocessing = 0;
		};
		328C64C31DF059FC00622B79 /* Frameworks */ = {
			isa = PBXFrameworksBuildPhase;
			buildActionMask = 2147483647;
			files = (
			);
			runOnlyForDeploymentPostprocessing = 0;
		};
		328C64CE1DF059FC00622B79 /* Frameworks */ = {
			isa = PBXFrameworksBuildPhase;
			buildActionMask = 2147483647;
			files = (
			);
			runOnlyForDeploymentPostprocessing = 0;
		};
/* End PBXFrameworksBuildPhase section */

/* Begin PBXGroup section */
		328C64A41DF059FC00622B79 = {
			isa = PBXGroup;
			children = (
				328C64AF1DF059FC00622B79 /* RuntimeDemo */,
				328C64C91DF059FC00622B79 /* RuntimeDemoTests */,
				328C64D41DF059FC00622B79 /* RuntimeDemoUITests */,
				328C64AE1DF059FC00622B79 /* Products */,
			);
			sourceTree = "<group>";
		};
		328C64AE1DF059FC00622B79 /* Products */ = {
			isa = PBXGroup;
			children = (
				328C64AD1DF059FC00622B79 /* RuntimeDemo.app */,
				328C64C61DF059FC00622B79 /* RuntimeDemoTests.xctest */,
				328C64D11DF059FC00622B79 /* RuntimeDemoUITests.xctest */,
			);
			name = Products;
			sourceTree = "<group>";
		};
		328C64AF1DF059FC00622B79 /* RuntimeDemo */ = {
			isa = PBXGroup;
			children = (
				328C64E31DF05C9800622B79 /* Passport.h */,
				328C64E41DF05C9800622B79 /* Passport.m */,
				328C64B31DF059FC00622B79 /* AppDelegate.h */,
				328C64B41DF059FC00622B79 /* AppDelegate.m */,
				328C64B61DF059FC00622B79 /* ViewController.h */,
				328C64B71DF059FC00622B79 /* ViewController.m */,
				328C64B91DF059FC00622B79 /* Main.storyboard */,
				328C64BC1DF059FC00622B79 /* Assets.xcassets */,
				328C64BE1DF059FC00622B79 /* LaunchScreen.storyboard */,
				328C64C11DF059FC00622B79 /* Info.plist */,
				328C64B01DF059FC00622B79 /* Supporting Files */,
			);
			path = RuntimeDemo;
			sourceTree = "<group>";
		};
		328C64B01DF059FC00622B79 /* Supporting Files */ = {
			isa = PBXGroup;
			children = (
				328C64B11DF059FC00622B79 /* main.m */,
			);
			name = "Supporting Files";
			sourceTree = "<group>";
		};
		328C64C91DF059FC00622B79 /* RuntimeDemoTests */ = {
			isa = PBXGroup;
			children = (
				328C64CA1DF059FC00622B79 /* RuntimeDemoTests.m */,
				328C64CC1DF059FC00622B79 /* Info.plist */,
			);
			path = RuntimeDemoTests;
			sourceTree = "<group>";
		};
		328C64D41DF059FC00622B79 /* RuntimeDemoUITests */ = {
			isa = PBXGroup;
			children = (
				328C64D51DF059FC00622B79 /* RuntimeDemoUITests.m */,
				328C64D71DF059FC00622B79 /* Info.plist */,
			);
			path = RuntimeDemoUITests;
			sourceTree = "<group>";
		};
/* End PBXGroup section */

/* Begin PBXNativeTarget section */
		328C64AC1DF059FC00622B79 /* RuntimeDemo */ = {
			isa = PBXNativeTarget;
			buildConfigurationList = 328C64DA1DF059FC00622B79 /* Build configuration list for PBXNativeTarget "RuntimeDemo" */;
			buildPhases = (
				328C64A91DF059FC00622B79 /* Sources */,
				328C64AA1DF059FC00622B79 /* Frameworks */,
				328C64AB1DF059FC00622B79 /* Resources */,
			);
			buildRules = (
			);
			dependencies = (
			);
			name = RuntimeDemo;
			productName = RuntimeDemo;
			productReference = 328C64AD1DF059FC00622B79 /* RuntimeDemo.app */;
			productType = "com.apple.product-type.application";
		};
		328C64C51DF059FC00622B79 /* RuntimeDemoTests */ = {
			isa = PBXNativeTarget;
			buildConfigurationList = 328C64DD1DF059FC00622B79 /* Build configuration list for PBXNativeTarget "RuntimeDemoTests" */;
			buildPhases = (
				328C64C21DF059FC00622B79 /* Sources */,
				328C64C31DF059FC00622B79 /* Frameworks */,
				328C64C41DF059FC00622B79 /* Resources */,
			);
			buildRules = (
			);
			dependencies = (
				328C64C81DF059FC00622B79 /* PBXTargetDependency */,
			);
			name = RuntimeDemoTests;
			productName = RuntimeDemoTests;
			productReference = 328C64C61DF059FC00622B79 /* RuntimeDemoTests.xctest */;
			productType = "com.apple.product-type.bundle.unit-test";
		};
		328C64D01DF059FC00622B79 /* RuntimeDemoUITests */ = {
			isa = PBXNativeTarget;
			buildConfigurationList = 328C64E01DF059FC00622B79 /* Build configuration list for PBXNativeTarget "RuntimeDemoUITests" */;
			buildPhases = (
				328C64CD1DF059FC00622B79 /* Sources */,
				328C64CE1DF059FC00622B79 /* Frameworks */,
				328C64CF1DF059FC00622B79 /* Resources */,
			);
			buildRules = (
			);
			dependencies = (
				328C64D31DF059FC00622B79 /* PBXTargetDependency */,
			);
			name = RuntimeDemoUITests;
			productName = RuntimeDemoUITests;
			productReference = 328C64D11DF059FC00622B79 /* RuntimeDemoUITests.xctest */;
			productType = "com.apple.product-type.bundle.ui-testing";
		};
/* End PBXNativeTarget section */

/* Begin PBXProject section */
		328C64A51DF059FC00622B79 /* Project object */ = {
			isa = PBXProject;
			attributes = {
				LastUpgradeCheck = 0810;
				ORGANIZATIONNAME = pconline;
				TargetAttributes = {
					328C64AC1DF059FC00622B79 = {
						CreatedOnToolsVersion = 8.1;
						DevelopmentTeam = EYK6J4JA87;
						ProvisioningStyle = Automatic;
					};
					328C64C51DF059FC00622B79 = {
						CreatedOnToolsVersion = 8.1;
						DevelopmentTeam = EYK6J4JA87;
						ProvisioningStyle = Automatic;
						TestTargetID = 328C64AC1DF059FC00622B79;
					};
					328C64D01DF059FC00622B79 = {
						CreatedOnToolsVersion = 8.1;
						DevelopmentTeam = EYK6J4JA87;
						ProvisioningStyle = Automatic;
						TestTargetID = 328C64AC1DF059FC00622B79;
					};
				};
			};
			buildConfigurationList = 328C64A81DF059FC00622B79 /* Build configuration list for PBXProject "RuntimeDemo" */;
			compatibilityVersion = "Xcode 3.2";
			developmentRegion = English;
			hasScannedForEncodings = 0;
			knownRegions = (
				en,
				Base,
			);
			mainGroup = 328C64A41DF059FC00622B79;
			productRefGroup = 328C64AE1DF059FC00622B79 /* Products */;
			projectDirPath = "";
			projectRoot = "";
			targets = (
				328C64AC1DF059FC00622B79 /* RuntimeDemo */,
				328C64C51DF059FC00622B79 /* RuntimeDemoTests */,
				328C64D01DF059FC00622B79 /* RuntimeDemoUITests */,
			);
		};
/* End PBXProject section */

/* Begin PBXResourcesBuildPhase section */
		328C64AB1DF059FC00622B79 /* Resources */ = {
			isa = PBXResourcesBuildPhase;
			buildActionMask = 2147483647;
			files = (
				328C64C01DF059FC00622B79 /* LaunchScreen.storyboard in Resources */,
				328C64BD1DF059FC00622B79 /* Assets.xcassets in Resources */,
				328C64BB1DF059FC00622B79 /* Main.storyboard in Resources */,
			);
			runOnlyForDeploymentPostprocessing = 0;
		};
		328C64C41DF059FC00622B79 /* Resources */ = {
			isa = PBXResourcesBuildPhase;
			buildActionMask = 2147483647;
			files = (
			);
			runOnlyForDeploymentPostprocessing = 0;
		};
		328C64CF1DF059FC00622B79 /* Resources */ = {
			isa = PBXResourcesBuildPhase;
			buildActionMask = 2147483647;
			files = (
			);
			runOnlyForDeploymentPostprocessing = 0;
		};
/* End PBXResourcesBuildPhase section */

/* Begin PBXSourcesBuildPhase section */
		328C64A91DF059FC00622B79 /* Sources */ = {
			isa = PBXSourcesBuildPhase;
			buildActionMask = 2147483647;
			files = (
				328C64B81DF059FC00622B79 /* ViewController.m in Sources */,
				328C64E51DF05C9800622B79 /* Passport.m in Sources */,
				328C64B51DF059FC00622B79 /* AppDelegate.m in Sources */,
				328C64B21DF059FC00622B79 /* main.m in Sources */,
			);
			runOnlyForDeploymentPostprocessing = 0;
		};
		328C64C21DF059FC00622B79 /* Sources */ = {
			isa = PBXSourcesBuildPhase;
			buildActionMask = 2147483647;
			files = (
				328C64CB1DF059FC00622B79 /* RuntimeDemoTests.m in Sources */,
			);
			runOnlyForDeploymentPostprocessing = 0;
		};
		328C64CD1DF059FC00622B79 /* Sources */ = {
			isa = PBXSourcesBuildPhase;
			buildActionMask = 2147483647;
			files = (
				328C64D61DF059FC00622B79 /* RuntimeDemoUITests.m in Sources */,
			);
			runOnlyForDeploymentPostprocessing = 0;
		};
/* End PBXSourcesBuildPhase section */

/* Begin PBXTargetDependency section */
		328C64C81DF059FC00622B79 /* PBXTargetDependency */ = {
			isa = PBXTargetDependency;
			target = 328C64AC1DF059FC00622B79 /* RuntimeDemo */;
			targetProxy = 328C64C71DF059FC00622B79 /* PBXContainerItemProxy */;
		};
		328C64D31DF059FC00622B79 /* PBXTargetDependency */ = {
			isa = PBXTargetDependency;
			target = 328C64AC1DF059FC00622B79 /* RuntimeDemo */;
			targetProxy = 328C64D21DF059FC00622B79 /* PBXContainerItemProxy */;
		};
/* End PBXTargetDependency section */

/* Begin PBXVariantGroup section */
		328C64B91DF059FC00622B79 /* Main.storyboard */ = {
			isa = PBXVariantGroup;
			children = (
				328C64BA1DF059FC00622B79 /* Base */,
			);
			name = Main.storyboard;
			sourceTree = "<group>";
		};
		328C64BE1DF059FC00622B79 /* LaunchScreen.storyboard */ = {
			isa = PBXVariantGroup;
			children = (
				328C64BF1DF059FC00622B79 /* Base */,
			);
			name = LaunchScreen.storyboard;
			sourceTree = "<group>";
		};
/* End PBXVariantGroup section */

/* Begin XCBuildConfiguration section */
		328C64D81DF059FC00622B79 /* Debug */ = {
			isa = XCBuildConfiguration;
			buildSettings = {
				ALWAYS_SEARCH_USER_PATHS = NO;
				CLANG_ANALYZER_NONNULL = YES;
				CLANG_CXX_LANGUAGE_STANDARD = "gnu++0x";
				CLANG_CXX_LIBRARY = "libc++";
				CLANG_ENABLE_MODULES = YES;
				CLANG_ENABLE_OBJC_ARC = YES;
				CLANG_WARN_BOOL_CONVERSION = YES;
				CLANG_WARN_CONSTANT_CONVERSION = YES;
				CLANG_WARN_DIRECT_OBJC_ISA_USAGE = YES_ERROR;
				CLANG_WARN_DOCUMENTATION_COMMENTS = YES;
				CLANG_WARN_EMPTY_BODY = YES;
				CLANG_WARN_ENUM_CONVERSION = YES;
				CLANG_WARN_INFINITE_RECURSION = YES;
				CLANG_WARN_INT_CONVERSION = YES;
				CLANG_WARN_OBJC_ROOT_CLASS = YES_ERROR;
				CLANG_WARN_SUSPICIOUS_MOVES = YES;
				CLANG_WARN_UNREACHABLE_CODE = YES;
				CLANG_WARN__DUPLICATE_METHOD_MATCH = YES;
				"CODE_SIGN_IDENTITY[sdk=iphoneos*]" = "iPhone Developer";
				COPY_PHASE_STRIP = NO;
				DEBUG_INFORMATION_FORMAT = dwarf;
				ENABLE_STRICT_OBJC_MSGSEND = YES;
				ENABLE_TESTABILITY = YES;
				GCC_C_LANGUAGE_STANDARD = gnu99;
				GCC_DYNAMIC_NO_PIC = NO;
				GCC_NO_COMMON_BLOCKS = YES;
				GCC_OPTIMIZATION_LEVEL = 0;
				GCC_PREPROCESSOR_DEFINITIONS = (
					"DEBUG=1",
					"$(inherited)",
				);
				GCC_WARN_64_TO_32_BIT_CONVERSION = YES;
				GCC_WARN_ABOUT_RETURN_TYPE = YES_ERROR;
				GCC_WARN_UNDECLARED_SELECTOR = YES;
				GCC_WARN_UNINITIALIZED_AUTOS = YES_AGGRESSIVE;
				GCC_WARN_UNUSED_FUNCTION = YES;
				GCC_WARN_UNUSED_VARIABLE = YES;
				IPHONEOS_DEPLOYMENT_TARGET = 10.1;
				MTL_ENABLE_DEBUG_INFO = YES;
				ONLY_ACTIVE_ARCH = YES;
				SDKROOT = iphoneos;
				TARGETED_DEVICE_FAMILY = "1,2";
			};
			name = Debug;
		};
		328C64D91DF059FC00622B79 /* Release */ = {
			isa = XCBuildConfiguration;
			buildSettings = {
				ALWAYS_SEARCH_USER_PATHS = NO;
				CLANG_ANALYZER_NONNULL = YES;
				CLANG_CXX_LANGUAGE_STANDARD = "gnu++0x";
				CLANG_CXX_LIBRARY = "libc++";
				CLANG_ENABLE_MODULES = YES;
				CLANG_ENABLE_OBJC_ARC = YES;
				CLANG_WARN_BOOL_CONVERSION = YES;
				CLANG_WARN_CONSTANT_CONVERSION = YES;
				CLANG_WARN_DIRECT_OBJC_ISA_USAGE = YES_ERROR;
				CLANG_WARN_DOCUMENTATION_COMMENTS = YES;
				CLANG_WARN_EMPTY_BODY = YES;
				CLANG_WARN_ENUM_CONVERSION = YES;
				CLANG_WARN_INFINITE_RECURSION = YES;
				CLANG_WARN_INT_CONVERSION = YES;
				CLANG_WARN_OBJC_ROOT_CLASS = YES_ERROR;
				CLANG_WARN_SUSPICIOUS_MOVES = YES;
				CLANG_WARN_UNREACHABLE_CODE = YES;
				CLANG_WARN__DUPLICATE_METHOD_MATCH = YES;
				"CODE_SIGN_IDENTITY[sdk=iphoneos*]" = "iPhone Developer";
				COPY_PHASE_STRIP = NO;
				DEBUG_INFORMATION_FORMAT = "dwarf-with-dsym";
				ENABLE_NS_ASSERTIONS = NO;
				ENABLE_STRICT_OBJC_MSGSEND = YES;
				GCC_C_LANGUAGE_STANDARD = gnu99;
				GCC_NO_COMMON_BLOCKS = YES;
				GCC_WARN_64_TO_32_BIT_CONVERSION = YES;
				GCC_WARN_ABOUT_RETURN_TYPE = YES_ERROR;
				GCC_WARN_UNDECLARED_SELECTOR = YES;
				GCC_WARN_UNINITIALIZED_AUTOS = YES_AGGRESSIVE;
				GCC_WARN_UNUSED_FUNCTION = YES;
				GCC_WARN_UNUSED_VARIABLE = YES;
				IPHONEOS_DEPLOYMENT_TARGET = 10.1;
				MTL_ENABLE_DEBUG_INFO = NO;
				SDKROOT = iphoneos;
				TARGETED_DEVICE_FAMILY = "1,2";
				VALIDATE_PRODUCT = YES;
			};
			name = Release;
		};
		328C64DB1DF059FC00622B79 /* Debug */ = {
			isa = XCBuildConfiguration;
			buildSettings = {
				ASSETCATALOG_COMPILER_APPICON_NAME = AppIcon;
				DEVELOPMENT_TEAM = EYK6J4JA87;
				INFOPLIST_FILE = RuntimeDemo/Info.plist;
				LD_RUNPATH_SEARCH_PATHS = "$(inherited) @executable_path/Frameworks";
				PRODUCT_BUNDLE_IDENTIFIER = com.imjack.RuntimeDemo;
				PRODUCT_NAME = "$(TARGET_NAME)";
			};
			name = Debug;
		};
		328C64DC1DF059FC00622B79 /* Release */ = {
			isa = XCBuildConfiguration;
			buildSettings = {
				ASSETCATALOG_COMPILER_APPICON_NAME = AppIcon;
				DEVELOPMENT_TEAM = EYK6J4JA87;
				INFOPLIST_FILE = RuntimeDemo/Info.plist;
				LD_RUNPATH_SEARCH_PATHS = "$(inherited) @executable_path/Frameworks";
				PRODUCT_BUNDLE_IDENTIFIER = com.imjack.RuntimeDemo;
				PRODUCT_NAME = "$(TARGET_NAME)";
			};
			name = Release;
		};
		328C64DE1DF059FC00622B79 /* Debug */ = {
			isa = XCBuildConfiguration;
			buildSettings = {
				BUNDLE_LOADER = "$(TEST_HOST)";
				DEVELOPMENT_TEAM = EYK6J4JA87;
				INFOPLIST_FILE = RuntimeDemoTests/Info.plist;
				LD_RUNPATH_SEARCH_PATHS = "$(inherited) @executable_path/Frameworks @loader_path/Frameworks";
				PRODUCT_BUNDLE_IDENTIFIER = com.imjack.RuntimeDemoTests;
				PRODUCT_NAME = "$(TARGET_NAME)";
				TEST_HOST = "$(BUILT_PRODUCTS_DIR)/RuntimeDemo.app/RuntimeDemo";
			};
			name = Debug;
		};
		328C64DF1DF059FC00622B79 /* Release */ = {
			isa = XCBuildConfiguration;
			buildSettings = {
				BUNDLE_LOADER = "$(TEST_HOST)";
				DEVELOPMENT_TEAM = EYK6J4JA87;
				INFOPLIST_FILE = RuntimeDemoTests/Info.plist;
				LD_RUNPATH_SEARCH_PATHS = "$(inherited) @executable_path/Frameworks @loader_path/Frameworks";
				PRODUCT_BUNDLE_IDENTIFIER = com.imjack.RuntimeDemoTests;
				PRODUCT_NAME = "$(TARGET_NAME)";
				TEST_HOST = "$(BUILT_PRODUCTS_DIR)/RuntimeDemo.app/RuntimeDemo";
			};
			name = Release;
		};
		328C64E11DF059FC00622B79 /* Debug */ = {
			isa = XCBuildConfiguration;
			buildSettings = {
				DEVELOPMENT_TEAM = EYK6J4JA87;
				INFOPLIST_FILE = RuntimeDemoUITests/Info.plist;
				LD_RUNPATH_SEARCH_PATHS = "$(inherited) @executable_path/Frameworks @loader_path/Frameworks";
				PRODUCT_BUNDLE_IDENTIFIER = com.imjack.RuntimeDemoUITests;
				PRODUCT_NAME = "$(TARGET_NAME)";
				TEST_TARGET_NAME = RuntimeDemo;
			};
			name = Debug;
		};
		328C64E21DF059FC00622B79 /* Release */ = {
			isa = XCBuildConfiguration;
			buildSettings = {
				DEVELOPMENT_TEAM = EYK6J4JA87;
				INFOPLIST_FILE = RuntimeDemoUITests/Info.plist;
				LD_RUNPATH_SEARCH_PATHS = "$(inherited) @executable_path/Frameworks @loader_path/Frameworks";
				PRODUCT_BUNDLE_IDENTIFIER = com.imjack.RuntimeDemoUITests;
				PRODUCT_NAME = "$(TARGET_NAME)";
				TEST_TARGET_NAME = RuntimeDemo;
			};
			name = Release;
		};
/* End XCBuildConfiguration section */

/* Begin XCConfigurationList section */
		328C64A81DF059FC00622B79 /* Build configuration list for PBXProject "RuntimeDemo" */ = {
			isa = XCConfigurationList;
			buildConfigurations = (
				328C64D81DF059FC00622B79 /* Debug */,
				328C64D91DF059FC00622B79 /* Release */,
			);
			defaultConfigurationIsVisible = 0;
			defaultConfigurationName = Release;
		};
		328C64DA1DF059FC00622B79 /* Build configuration list for PBXNativeTarget "RuntimeDemo" */ = {
			isa = XCConfigurationList;
			buildConfigurations = (
				328C64DB1DF059FC00622B79 /* Debug */,
				328C64DC1DF059FC00622B79 /* Release */,
			);
			defaultConfigurationIsVisible = 0;
		};
		328C64DD1DF059FC00622B79 /* Build configuration list for PBXNativeTarget "RuntimeDemoTests" */ = {
			isa = XCConfigurationList;
			buildConfigurations = (
				328C64DE1DF059FC00622B79 /* Debug */,
				328C64DF1DF059FC00622B79 /* Release */,
			);
			defaultConfigurationIsVisible = 0;
		};
		328C64E01DF059FC00622B79 /* Build configuration list for PBXNativeTarget "RuntimeDemoUITests" */ = {
			isa = XCConfigurationList;
			buildConfigurations = (
				328C64E11DF059FC00622B79 /* Debug */,
				328C64E21DF059FC00622B79 /* Release */,
			);
			defaultConfigurationIsVisible = 0;
		};
/* End XCConfigurationList section */
	};
	rootObject = 328C64A51DF059FC00622B79 /* Project object */;
}
